
Microsoft Visual Studio Solution File, Format Version 12.00
# Visual Studio 15
VisualStudioVersion = 15.0.27004.2010
MinimumVisualStudioVersion = 10.0.40219.1
Project("{FAE04EC0-301F-11D3-BF4B-00C04F79EFBC}") = "SimonSays", "SimonSays\SimonSays.csproj", "{BFFE246A-3C35-48D7-947C-87163EA9DD39}"
EndProject
Global
	GlobalSection(SolutionConfigurationPlatforms) = preSolution
		Debug|ARM = Debug|ARM
		Debug|x64 = Debug|x64
		Debug|x86 = Debug|x86
		Release|ARM = Release|ARM
		Release|x64 = Release|x64
		Release|x86 = Release|x86
	EndGlobalSection
	GlobalSection(ProjectConfigurationPlatforms) = postSolution
		{BFFE246A-3C35-48D7-947C-87163EA9DD39}.Debug|ARM.ActiveCfg = Debug|ARM
		{BFFE246A-3C35-48D7-947C-87163EA9DD39}.Debug|ARM.Build.0 = Debug|ARM
		{BFFE246A-3C35-48D7-947C-87163EA9DD39}.Debug|ARM.Deploy.0 = Debug|ARM
		{BFFE246A-3C35-48D7-947C-87163EA9DD39}.Debug|x64.ActiveCfg = Debug|x64
		{BFFE246A-3C35-48D7-947C-87163EA9DD39}.Debug|x64.Build.0 = Debug|x64
		{BFFE246A-3C35-48D7-947C-87163EA9DD39}.Debug|x64.Deploy.0 = Debug|x64
		{BFFE246A-3C35-48D7-947C-87163EA9DD39}.Debug|x86.ActiveCfg = Debug|x86
		{BFFE246A-3C35-48D7-947C-87163EA9DD39}.Debug|x86.Build.0 = Debug|x86
		{BFFE246A-3C35-48D7-947C-87163EA9DD39}.Debug|x86.Deploy.0 = Debug|x86
		{BFFE246A-3C35-48D7-947C-87163EA9DD39}.Release|ARM.ActiveCfg = Release|ARM
		{BFFE246A-3C35-48D7-947C-87163EA9DD39}.Release|ARM.Build.0 = Release|ARM
		{BFFE246A-3C35-48D7-947C-87163EA9DD39}.Release|ARM.Deploy.0 = Release|ARM
		{BFFE246A-3C35-48D7-947C-87163EA9DD39}.Release|x64.ActiveCfg = Release|x64
		{BFFE246A-3C35-48D7-947C-87163EA9DD39}.Release|x64.Build.0 = Release|x64
		{BFFE246A-3C35-48D7-947C-87163EA9DD39}.Release|x64.Deploy.0 = Release|x64
		{BFFE246A-3C35-48D7-947C-87163EA9DD39}.Release|x86.ActiveCfg = Release|x86
		{BFFE246A-3C35-48D7-947C-87163EA9DD39}.Release|x86.Build.0 = Release|x86
		{BFFE246A-3C35-48D7-947C-87163EA9DD39}.Release|x86.Deploy.0 = Release|x86
	EndGlobalSection
	GlobalSection(SolutionProperties) = preSolution
		HideSolutionNode = FALSE
	EndGlobalSection
	GlobalSection(ExtensibilityGlobals) = postSolution
		SolutionGuid = {4FDA283F-F4CE-42C0-8C26-86A68B462831}
	EndGlobalSection
EndGlobal
